// !$*UTF8*$!
{
	archiveVersion = 1;
	classes = {
	};
	objectVersion = 50;
	objects = {

/* Begin PBXBuildFile section */
		246B3A0D2477235500A37270 /* AppDelegate.swift in Sources */ = {isa = PBXBuildFile; fileRef = 246B3A0C2477235500A37270 /* AppDelegate.swift */; };
		246B3A0F2477235500A37270 /* SceneDelegate.swift in Sources */ = {isa = PBXBuildFile; fileRef = 246B3A0E2477235500A37270 /* SceneDelegate.swift */; };
		246B3A112477235500A37270 /* BreedsViewController.swift in Sources */ = {isa = PBXBuildFile; fileRef = 246B3A102477235500A37270 /* BreedsViewController.swift */; };
		246B3A142477235500A37270 /* Main.storyboard in Resources */ = {isa = PBXBuildFile; fileRef = 246B3A122477235500A37270 /* Main.storyboard */; };
		246B3A162477235700A37270 /* Assets.xcassets in Resources */ = {isa = PBXBuildFile; fileRef = 246B3A152477235700A37270 /* Assets.xcassets */; };
		246B3A192477235700A37270 /* LaunchScreen.storyboard in Resources */ = {isa = PBXBuildFile; fileRef = 246B3A172477235700A37270 /* LaunchScreen.storyboard */; };
		246B3A24247744B700A37270 /* BreedsManager.swift in Sources */ = {isa = PBXBuildFile; fileRef = 246B3A23247744B700A37270 /* BreedsManager.swift */; };
		246B3A26247B1C0E00A37270 /* BreedData.swift in Sources */ = {isa = PBXBuildFile; fileRef = 246B3A25247B1C0E00A37270 /* BreedData.swift */; };
		246B3A28247B255D00A37270 /* BreedModel.swift in Sources */ = {isa = PBXBuildFile; fileRef = 246B3A27247B255D00A37270 /* BreedModel.swift */; };
		246B3A2C247B48D100A37270 /* DetailsViewController.swift in Sources */ = {isa = PBXBuildFile; fileRef = 246B3A2B247B48D100A37270 /* DetailsViewController.swift */; };
		246B3A2E247B503000A37270 /* ImageManager.swift in Sources */ = {isa = PBXBuildFile; fileRef = 246B3A2D247B503000A37270 /* ImageManager.swift */; };
		246B3A30247B50F100A37270 /* ImageData.swift in Sources */ = {isa = PBXBuildFile; fileRef = 246B3A2F247B50F100A37270 /* ImageData.swift */; };
		246B3A32247B50FC00A37270 /* ImageModel.swift in Sources */ = {isa = PBXBuildFile; fileRef = 246B3A31247B50FC00A37270 /* ImageModel.swift */; };
/* End PBXBuildFile section */

/* Begin PBXFileReference section */
		246B3A092477235500A37270 /* CatApp.app */ = {isa = PBXFileReference; explicitFileType = wrapper.application; includeInIndex = 0; path = CatApp.app; sourceTree = BUILT_PRODUCTS_DIR; };
		246B3A0C2477235500A37270 /* AppDelegate.swift */ = {isa = PBXFileReference; lastKnownFileType = sourcecode.swift; path = AppDelegate.swift; sourceTree = "<group>"; };
		246B3A0E2477235500A37270 /* SceneDelegate.swift */ = {isa = PBXFileReference; lastKnownFileType = sourcecode.swift; path = SceneDelegate.swift; sourceTree = "<group>"; };
		246B3A102477235500A37270 /* BreedsViewController.swift */ = {isa = PBXFileReference; lastKnownFileType = sourcecode.swift; path = BreedsViewController.swift; sourceTree = "<group>"; };
		246B3A132477235500A37270 /* Base */ = {isa = PBXFileReference; lastKnownFileType = file.storyboard; name = Base; path = Base.lproj/Main.storyboard; sourceTree = "<group>"; };
		246B3A152477235700A37270 /* Assets.xcassets */ = {isa = PBXFileReference; lastKnownFileType = folder.assetcatalog; path = Assets.xcassets; sourceTree = "<group>"; };
		246B3A182477235700A37270 /* Base */ = {isa = PBXFileReference; lastKnownFileType = file.storyboard; name = Base; path = Base.lproj/LaunchScreen.storyboard; sourceTree = "<group>"; };
		246B3A1A2477235700A37270 /* Info.plist */ = {isa = PBXFileReference; lastKnownFileType = text.plist.xml; path = Info.plist; sourceTree = "<group>"; };
		246B3A23247744B700A37270 /* BreedsManager.swift */ = {isa = PBXFileReference; lastKnownFileType = sourcecode.swift; path = BreedsManager.swift; sourceTree = "<group>"; };
		246B3A25247B1C0E00A37270 /* BreedData.swift */ = {isa = PBXFileReference; lastKnownFileType = sourcecode.swift; path = BreedData.swift; sourceTree = "<group>"; };
		246B3A27247B255D00A37270 /* BreedModel.swift */ = {isa = PBXFileReference; lastKnownFileType = sourcecode.swift; path = BreedModel.swift; sourceTree = "<group>"; };
		246B3A2B247B48D100A37270 /* DetailsViewController.swift */ = {isa = PBXFileReference; lastKnownFileType = sourcecode.swift; path = DetailsViewController.swift; sourceTree = "<group>"; };
		246B3A2D247B503000A37270 /* ImageManager.swift */ = {isa = PBXFileReference; lastKnownFileType = sourcecode.swift; path = ImageManager.swift; sourceTree = "<group>"; };
		246B3A2F247B50F100A37270 /* ImageData.swift */ = {isa = PBXFileReference; lastKnownFileType = sourcecode.swift; path = ImageData.swift; sourceTree = "<group>"; };
		246B3A31247B50FC00A37270 /* ImageModel.swift */ = {isa = PBXFileReference; lastKnownFileType = sourcecode.swift; path = ImageModel.swift; sourceTree = "<group>"; };
/* End PBXFileReference section */

/* Begin PBXFrameworksBuildPhase section */
		246B3A062477235500A37270 /* Frameworks */ = {
			isa = PBXFrameworksBuildPhase;
			buildActionMask = 2147483647;
			files = (
			);
			runOnlyForDeploymentPostprocessing = 0;
		};
/* End PBXFrameworksBuildPhase section */

/* Begin PBXGroup section */
		246B3A002477235500A37270 = {
			isa = PBXGroup;
			children = (
				246B3A0B2477235500A37270 /* CatApp */,
				246B3A0A2477235500A37270 /* Products */,
			);
			sourceTree = "<group>";
		};
		246B3A0A2477235500A37270 /* Products */ = {
			isa = PBXGroup;
			children = (
				246B3A092477235500A37270 /* CatApp.app */,
			);
			name = Products;
			sourceTree = "<group>";
		};
		246B3A0B2477235500A37270 /* CatApp */ = {
			isa = PBXGroup;
			children = (
				246B3A0C2477235500A37270 /* AppDelegate.swift */,
				246B3A0E2477235500A37270 /* SceneDelegate.swift */,
				246B3A202477236200A37270 /* Model */,
				246B3A222477237700A37270 /* Controller */,
				246B3A212477236A00A37270 /* View */,
				246B3A152477235700A37270 /* Assets.xcassets */,
				246B3A172477235700A37270 /* LaunchScreen.storyboard */,
				246B3A1A2477235700A37270 /* Info.plist */,
			);
			path = CatApp;
			sourceTree = "<group>";
		};
		246B3A202477236200A37270 /* Model */ = {
			isa = PBXGroup;
			children = (
				246B3A23247744B700A37270 /* BreedsManager.swift */,
				246B3A25247B1C0E00A37270 /* BreedData.swift */,
				246B3A27247B255D00A37270 /* BreedModel.swift */,
				246B3A2D247B503000A37270 /* ImageManager.swift */,
				246B3A2F247B50F100A37270 /* ImageData.swift */,
				246B3A31247B50FC00A37270 /* ImageModel.swift */,
			);
			path = Model;
			sourceTree = "<group>";
		};
		246B3A212477236A00A37270 /* View */ = {
			isa = PBXGroup;
			children = (
				246B3A122477235500A37270 /* Main.storyboard */,
			);
			path = View;
			sourceTree = "<group>";
		};
		246B3A222477237700A37270 /* Controller */ = {
			isa = PBXGroup;
			children = (
				246B3A102477235500A37270 /* BreedsViewController.swift */,
				246B3A2B247B48D100A37270 /* DetailsViewController.swift */,
			);
			path = Controller;
			sourceTree = "<group>";
		};
/* End PBXGroup section */

/* Begin PBXNativeTarget section */
		246B3A082477235500A37270 /* CatApp */ = {
			isa = PBXNativeTarget;
			buildConfigurationList = 246B3A1D2477235700A37270 /* Build configuration list for PBXNativeTarget "CatApp" */;
			buildPhases = (
				246B3A052477235500A37270 /* Sources */,
				246B3A062477235500A37270 /* Frameworks */,
				246B3A072477235500A37270 /* Resources */,
			);
			buildRules = (
			);
			dependencies = (
			);
			name = CatApp;
			productName = CatApp;
			productReference = 246B3A092477235500A37270 /* CatApp.app */;
			productType = "com.apple.product-type.application";
		};
/* End PBXNativeTarget section */

/* Begin PBXProject section */
		246B3A012477235500A37270 /* Project object */ = {
			isa = PBXProject;
			attributes = {
				LastSwiftUpdateCheck = 1150;
				LastUpgradeCheck = 1150;
				ORGANIZATIONNAME = "Mykyta Gumeniuk";
				TargetAttributes = {
					246B3A082477235500A37270 = {
						CreatedOnToolsVersion = 11.5;
					};
				};
			};
			buildConfigurationList = 246B3A042477235500A37270 /* Build configuration list for PBXProject "CatApp" */;
			compatibilityVersion = "Xcode 9.3";
			developmentRegion = en;
			hasScannedForEncodings = 0;
			knownRegions = (
				en,
				Base,
			);
			mainGroup = 246B3A002477235500A37270;
			productRefGroup = 246B3A0A2477235500A37270 /* Products */;
			projectDirPath = "";
			projectRoot = "";
			targets = (
				246B3A082477235500A37270 /* CatApp */,
			);
		};
/* End PBXProject section */

/* Begin PBXResourcesBuildPhase section */
		246B3A072477235500A37270 /* Resources */ = {
			isa = PBXResourcesBuildPhase;
			buildActionMask = 2147483647;
			files = (
				246B3A192477235700A37270 /* LaunchScreen.storyboard in Resources */,
				246B3A162477235700A37270 /* Assets.xcassets in Resources */,
				246B3A142477235500A37270 /* Main.storyboard in Resources */,
			);
			runOnlyForDeploymentPostprocessing = 0;
		};
/* End PBXResourcesBuildPhase section */

/* Begin PBXSourcesBuildPhase section */
		246B3A052477235500A37270 /* Sources */ = {
			isa = PBXSourcesBuildPhase;
			buildActionMask = 2147483647;
			files = (
				246B3A28247B255D00A37270 /* BreedModel.swift in Sources */,
				246B3A32247B50FC00A37270 /* ImageModel.swift in Sources */,
				246B3A112477235500A37270 /* BreedsViewController.swift in Sources */,
				246B3A0D2477235500A37270 /* AppDelegate.swift in Sources */,
				246B3A2E247B503000A37270 /* ImageManager.swift in Sources */,
				246B3A26247B1C0E00A37270 /* BreedData.swift in Sources */,
				246B3A30247B50F100A37270 /* ImageData.swift in Sources */,
				246B3A2C247B48D100A37270 /* DetailsViewController.swift in Sources */,
				246B3A24247744B700A37270 /* BreedsManager.swift in Sources */,
				246B3A0F2477235500A37270 /* SceneDelegate.swift in Sources */,
			);
			runOnlyForDeploymentPostprocessing = 0;
		};
/* End PBXSourcesBuildPhase section */

/* Begin PBXVariantGroup section */
		246B3A122477235500A37270 /* Main.storyboard */ = {
			isa = PBXVariantGroup;
			children = (
				246B3A132477235500A37270 /* Base */,
			);
			name = Main.storyboard;
			sourceTree = "<group>";
		};
		246B3A172477235700A37270 /* LaunchScreen.storyboard */ = {
			isa = PBXVariantGroup;
			children = (
				246B3A182477235700A37270 /* Base */,
			);
			name = LaunchScreen.storyboard;
			sourceTree = "<group>";
		};
/* End PBXVariantGroup section */

/* Begin XCBuildConfiguration section */
		246B3A1B2477235700A37270 /* Debug */ = {
			isa = XCBuildConfiguration;
			buildSettings = {
				ALWAYS_SEARCH_USER_PATHS = NO;
				CLANG_ANALYZER_NONNULL = YES;
				CLANG_ANALYZER_NUMBER_OBJECT_CONVERSION = YES_AGGRESSIVE;
				CLANG_CXX_LANGUAGE_STANDARD = "gnu++14";
				CLANG_CXX_LIBRARY = "libc++";
				CLANG_ENABLE_MODULES = YES;
				CLANG_ENABLE_OBJC_ARC = YES;
				CLANG_ENABLE_OBJC_WEAK = YES;
				CLANG_WARN_BLOCK_CAPTURE_AUTORELEASING = YES;
				CLANG_WARN_BOOL_CONVERSION = YES;
				CLANG_WARN_COMMA = YES;
				CLANG_WARN_CONSTANT_CONVERSION = YES;
				CLANG_WARN_DEPRECATED_OBJC_IMPLEMENTATIONS = YES;
				CLANG_WARN_DIRECT_OBJC_ISA_USAGE = YES_ERROR;
				CLANG_WARN_DOCUMENTATION_COMMENTS = YES;
				CLANG_WARN_EMPTY_BODY = YES;
				CLANG_WARN_ENUM_CONVERSION = YES;
				CLANG_WARN_INFINITE_RECURSION = YES;
				CLANG_WARN_INT_CONVERSION = YES;
				CLANG_WARN_NON_LITERAL_NULL_CONVERSION = YES;
				CLANG_WARN_OBJC_IMPLICIT_RETAIN_SELF = YES;
				CLANG_WARN_OBJC_LITERAL_CONVERSION = YES;
				CLANG_WARN_OBJC_ROOT_CLASS = YES_ERROR;
				CLANG_WARN_RANGE_LOOP_ANALYSIS = YES;
				CLANG_WARN_STRICT_PROTOTYPES = YES;
				CLANG_WARN_SUSPICIOUS_MOVE = YES;
				CLANG_WARN_UNGUARDED_AVAILABILITY = YES_AGGRESSIVE;
				CLANG_WARN_UNREACHABLE_CODE = YES;
				CLANG_WARN__DUPLICATE_METHOD_MATCH = YES;
				COPY_PHASE_STRIP = NO;
				DEBUG_INFORMATION_FORMAT = dwarf;
				ENABLE_STRICT_OBJC_MSGSEND = YES;
				ENABLE_TESTABILITY = YES;
				GCC_C_LANGUAGE_STANDARD = gnu11;
				GCC_DYNAMIC_NO_PIC = NO;
				GCC_NO_COMMON_BLOCKS = YES;
				GCC_OPTIMIZATION_LEVEL = 0;
				GCC_PREPROCESSOR_DEFINITIONS = (
					"DEBUG=1",
					"$(inherited)",
				);
				GCC_WARN_64_TO_32_BIT_CONVERSION = YES;
				GCC_WARN_ABOUT_RETURN_TYPE = YES_ERROR;
				GCC_WARN_UNDECLARED_SELECTOR = YES;
				GCC_WARN_UNINITIALIZED_AUTOS = YES_AGGRESSIVE;
				GCC_WARN_UNUSED_FUNCTION = YES;
				GCC_WARN_UNUSED_VARIABLE = YES;
				IPHONEOS_DEPLOYMENT_TARGET = 13.5;
				MTL_ENABLE_DEBUG_INFO = INCLUDE_SOURCE;
				MTL_FAST_MATH = YES;
				ONLY_ACTIVE_ARCH = YES;
				SDKROOT = iphoneos;
				SWIFT_ACTIVE_COMPILATION_CONDITIONS = DEBUG;
				SWIFT_OPTIMIZATION_LEVEL = "-Onone";
			};
			name = Debug;
		};
		246B3A1C2477235700A37270 /* Release */ = {
			isa = XCBuildConfiguration;
			buildSettings = {
				ALWAYS_SEARCH_USER_PATHS = NO;
				CLANG_ANALYZER_NONNULL = YES;
				CLANG_ANALYZER_NUMBER_OBJECT_CONVERSION = YES_AGGRESSIVE;
				CLANG_CXX_LANGUAGE_STANDARD = "gnu++14";
				CLANG_CXX_LIBRARY = "libc++";
				CLANG_ENABLE_MODULES = YES;
				CLANG_ENABLE_OBJC_ARC = YES;
				CLANG_ENABLE_OBJC_WEAK = YES;
				CLANG_WARN_BLOCK_CAPTURE_AUTORELEASING = YES;
				CLANG_WARN_BOOL_CONVERSION = YES;
				CLANG_WARN_COMMA = YES;
				CLANG_WARN_CONSTANT_CONVERSION = YES;
				CLANG_WARN_DEPRECATED_OBJC_IMPLEMENTATIONS = YES;
				CLANG_WARN_DIRECT_OBJC_ISA_USAGE = YES_ERROR;
				CLANG_WARN_DOCUMENTATION_COMMENTS = YES;
				CLANG_WARN_EMPTY_BODY = YES;
				CLANG_WARN_ENUM_CONVERSION = YES;
				CLANG_WARN_INFINITE_RECURSION = YES;
				CLANG_WARN_INT_CONVERSION = YES;
				CLANG_WARN_NON_LITERAL_NULL_CONVERSION = YES;
				CLANG_WARN_OBJC_IMPLICIT_RETAIN_SELF = YES;
				CLANG_WARN_OBJC_LITERAL_CONVERSION = YES;
				CLANG_WARN_OBJC_ROOT_CLASS = YES_ERROR;
				CLANG_WARN_RANGE_LOOP_ANALYSIS = YES;
				CLANG_WARN_STRICT_PROTOTYPES = YES;
				CLANG_WARN_SUSPICIOUS_MOVE = YES;
				CLANG_WARN_UNGUARDED_AVAILABILITY = YES_AGGRESSIVE;
				CLANG_WARN_UNREACHABLE_CODE = YES;
				CLANG_WARN__DUPLICATE_METHOD_MATCH = YES;
				COPY_PHASE_STRIP = NO;
				DEBUG_INFORMATION_FORMAT = "dwarf-with-dsym";
				ENABLE_NS_ASSERTIONS = NO;
				ENABLE_STRICT_OBJC_MSGSEND = YES;
				GCC_C_LANGUAGE_STANDARD = gnu11;
				GCC_NO_COMMON_BLOCKS = YES;
				GCC_WARN_64_TO_32_BIT_CONVERSION = YES;
				GCC_WARN_ABOUT_RETURN_TYPE = YES_ERROR;
				GCC_WARN_UNDECLARED_SELECTOR = YES;
				GCC_WARN_UNINITIALIZED_AUTOS = YES_AGGRESSIVE;
				GCC_WARN_UNUSED_FUNCTION = YES;
				GCC_WARN_UNUSED_VARIABLE = YES;
				IPHONEOS_DEPLOYMENT_TARGET = 13.5;
				MTL_ENABLE_DEBUG_INFO = NO;
				MTL_FAST_MATH = YES;
				SDKROOT = iphoneos;
				SWIFT_COMPILATION_MODE = wholemodule;
				SWIFT_OPTIMIZATION_LEVEL = "-O";
				VALIDATE_PRODUCT = YES;
			};
			name = Release;
		};
		246B3A1E2477235700A37270 /* Debug */ = {
			isa = XCBuildConfiguration;
			buildSettings = {
				ASSETCATALOG_COMPILER_APPICON_NAME = AppIcon;
				CODE_SIGN_STYLE = Automatic;
				INFOPLIST_FILE = CatApp/Info.plist;
				LD_RUNPATH_SEARCH_PATHS = (
					"$(inherited)",
					"@executable_path/Frameworks",
				);
				PRODUCT_BUNDLE_IDENTIFIER = com.mykytagumeniuk.CatApp;
				PRODUCT_NAME = "$(TARGET_NAME)";
				SWIFT_VERSION = 5.0;
				TARGETED_DEVICE_FAMILY = "1,2";
			};
			name = Debug;
		};
		246B3A1F2477235700A37270 /* Release */ = {
			isa = XCBuildConfiguration;
			buildSettings = {
				ASSETCATALOG_COMPILER_APPICON_NAME = AppIcon;
				CODE_SIGN_STYLE = Automatic;
				INFOPLIST_FILE = CatApp/Info.plist;
				LD_RUNPATH_SEARCH_PATHS = (
					"$(inherited)",
					"@executable_path/Frameworks",
				);
				PRODUCT_BUNDLE_IDENTIFIER = com.mykytagumeniuk.CatApp;
				PRODUCT_NAME = "$(TARGET_NAME)";
				SWIFT_VERSION = 5.0;
				TARGETED_DEVICE_FAMILY = "1,2";
			};
			name = Release;
		};
/* End XCBuildConfiguration section */

/* Begin XCConfigurationList section */
		246B3A042477235500A37270 /* Build configuration list for PBXProject "CatApp" */ = {
			isa = XCConfigurationList;
			buildConfigurations = (
				246B3A1B2477235700A37270 /* Debug */,
				246B3A1C2477235700A37270 /* Release */,
			);
			defaultConfigurationIsVisible = 0;
			defaultConfigurationName = Release;
		};
		246B3A1D2477235700A37270 /* Build configuration list for PBXNativeTarget "CatApp" */ = {
			isa = XCConfigurationList;
			buildConfigurations = (
				246B3A1E2477235700A37270 /* Debug */,
				246B3A1F2477235700A37270 /* Release */,
			);
			defaultConfigurationIsVisible = 0;
			defaultConfigurationName = Release;
		};
/* End XCConfigurationList section */
	};
	rootObject = 246B3A012477235500A37270 /* Project object */;
}
